Microsoft Visual Studio Solution File, Format Version 11.00
# Visual Studio 2008

Project("{230B1444-FD51-5A7A-A1CF-365D027625F2}") = "hist_mmorpg", "Assembly-CSharp-vs.csproj", "{4E6D0FD7-D72E-385E-175A-3D142F6F70CD}"
EndProject
Global
	GlobalSection(SolutionConfigurationPlatforms) = preSolution
		Debug|Any CPU = Debug|Any CPU
		Release|Any CPU = Release|Any CPU
	EndGlobalSection
	GlobalSection(ProjectConfigurationPlatforms) = postSolution
		{4E6D0FD7-D72E-385E-175A-3D142F6F70CD}.Debug|Any CPU.ActiveCfg = Debug|Any CPU
		{4E6D0FD7-D72E-385E-175A-3D142F6F70CD}.Debug|Any CPU.Build.0 = Debug|Any CPU
		{4E6D0FD7-D72E-385E-175A-3D142F6F70CD}.Release|Any CPU.ActiveCfg = Release|Any CPU
		{4E6D0FD7-D72E-385E-175A-3D142F6F70CD}.Release|Any CPU.Build.0 = Release|Any CPU
	EndGlobalSection
	GlobalSection(SolutionProperties) = preSolution
		HideSolutionNode = FALSE
	EndGlobalSection
																																													GlobalSection(MonoDevelopProperties) = preSolution
		StartupItem = Assembly-CSharp.csproj
		Policies = $0
		$0.TextStylePolicy = $1
		$1.inheritsSet = null
		$1.scope = text/x-csharp
		$0.CSharpFormattingPolicy = $2
		$2.inheritsSet = Mono
		$2.inheritsScope = text/x-csharp
		$2.scope = text/x-csharp
		$0.TextStylePolicy = $3
		$3.FileWidth = 120
		$3.TabWidth = 4
		$3.IndentWidth = 4
		$3.EolMarker = Unix
		$3.inheritsSet = Mono
		$3.inheritsScope = text/plain
		$3.scope = text/plain
	EndGlobalSection

EndGlobal
