
Microsoft Visual Studio Solution File, Format Version 12.00
# Visual Studio 2013
VisualStudioVersion = 12.0.31101.0
MinimumVisualStudioVersion = 10.0.40219.1
Project("{FAE04EC0-301F-11D3-BF4B-00C04F79EFBC}") = "TestLidgren", "TestLidgren\TestLidgren.csproj", "{D85164E7-D2B1-4E38-9A3F-4D5C0DB0E25E}"
EndProject
Global
	GlobalSection(SolutionConfigurationPlatforms) = preSolution
		Debug|Any CPU = Debug|Any CPU
		Release|Any CPU = Release|Any CPU
	EndGlobalSection
	GlobalSection(ProjectConfigurationPlatforms) = postSolution
		{D85164E7-D2B1-4E38-9A3F-4D5C0DB0E25E}.Debug|Any CPU.ActiveCfg = Debug|Any CPU
		{D85164E7-D2B1-4E38-9A3F-4D5C0DB0E25E}.Debug|Any CPU.Build.0 = Debug|Any CPU
		{D85164E7-D2B1-4E38-9A3F-4D5C0DB0E25E}.Release|Any CPU.ActiveCfg = Release|Any CPU
		{D85164E7-D2B1-4E38-9A3F-4D5C0DB0E25E}.Release|Any CPU.Build.0 = Release|Any CPU
	EndGlobalSection
	GlobalSection(SolutionProperties) = preSolution
		HideSolutionNode = FALSE
	EndGlobalSection
EndGlobal
